
Microsoft Visual Studio Solution File, Format Version 12.00
# Visual Studio 2013
VisualStudioVersion = 12.0.31101.0
MinimumVisualStudioVersion = 10.0.40219.1
Project("{FAE04EC0-301F-11D3-BF4B-00C04F79EFBC}") = "BlockLaunch", "BlockLaunch\BlockLaunch.csproj", "{0E91764D-7B5D-4F5D-BACB-AA53E26EB96D}"
EndProject
Project("{FAE04EC0-301F-11D3-BF4B-00C04F79EFBC}") = "BlockLaunch-Optifine", "BlockLaunch-Optifine\BlockLaunch-Optifine.csproj", "{54EE4C8D-DEB6-4A52-8525-7124A3EF5177}"
EndProject
Global
	GlobalSection(SolutionConfigurationPlatforms) = preSolution
		Debug|Any CPU = Debug|Any CPU
		Debug|Mixed Platforms = Debug|Mixed Platforms
		Debug|x64 = Debug|x64
		Debug|x86 = Debug|x86
		Release|Any CPU = Release|Any CPU
		Release|Mixed Platforms = Release|Mixed Platforms
		Release|x64 = Release|x64
		Release|x86 = Release|x86
	EndGlobalSection
	GlobalSection(ProjectConfigurationPlatforms) = postSolution
		{0E91764D-7B5D-4F5D-BACB-AA53E26EB96D}.Debug|Any CPU.ActiveCfg = Debug|Any CPU
		{0E91764D-7B5D-4F5D-BACB-AA53E26EB96D}.Debug|Any CPU.Build.0 = Debug|Any CPU
		{0E91764D-7B5D-4F5D-BACB-AA53E26EB96D}.Debug|Mixed Platforms.ActiveCfg = Debug|x86
		{0E91764D-7B5D-4F5D-BACB-AA53E26EB96D}.Debug|Mixed Platforms.Build.0 = Debug|x86
		{0E91764D-7B5D-4F5D-BACB-AA53E26EB96D}.Debug|x64.ActiveCfg = Debug|Any CPU
		{0E91764D-7B5D-4F5D-BACB-AA53E26EB96D}.Debug|x64.Build.0 = Debug|Any CPU
		{0E91764D-7B5D-4F5D-BACB-AA53E26EB96D}.Debug|x86.ActiveCfg = Debug|Any CPU
		{0E91764D-7B5D-4F5D-BACB-AA53E26EB96D}.Debug|x86.Build.0 = Debug|Any CPU
		{0E91764D-7B5D-4F5D-BACB-AA53E26EB96D}.Release|Any CPU.ActiveCfg = Release|Any CPU
		{0E91764D-7B5D-4F5D-BACB-AA53E26EB96D}.Release|Any CPU.Build.0 = Release|Any CPU
		{0E91764D-7B5D-4F5D-BACB-AA53E26EB96D}.Release|Mixed Platforms.ActiveCfg = Release|x86
		{0E91764D-7B5D-4F5D-BACB-AA53E26EB96D}.Release|Mixed Platforms.Build.0 = Release|x86
		{0E91764D-7B5D-4F5D-BACB-AA53E26EB96D}.Release|x64.ActiveCfg = Release|x64
		{0E91764D-7B5D-4F5D-BACB-AA53E26EB96D}.Release|x64.Build.0 = Release|x64
		{0E91764D-7B5D-4F5D-BACB-AA53E26EB96D}.Release|x86.ActiveCfg = Release|x86
		{0E91764D-7B5D-4F5D-BACB-AA53E26EB96D}.Release|x86.Build.0 = Release|x86
		{54EE4C8D-DEB6-4A52-8525-7124A3EF5177}.Debug|Any CPU.ActiveCfg = Debug|Any CPU
		{54EE4C8D-DEB6-4A52-8525-7124A3EF5177}.Debug|Any CPU.Build.0 = Debug|Any CPU
		{54EE4C8D-DEB6-4A52-8525-7124A3EF5177}.Debug|Mixed Platforms.ActiveCfg = Debug|Any CPU
		{54EE4C8D-DEB6-4A52-8525-7124A3EF5177}.Debug|Mixed Platforms.Build.0 = Debug|Any CPU
		{54EE4C8D-DEB6-4A52-8525-7124A3EF5177}.Debug|x64.ActiveCfg = Debug|Any CPU
		{54EE4C8D-DEB6-4A52-8525-7124A3EF5177}.Debug|x86.ActiveCfg = Debug|Any CPU
		{54EE4C8D-DEB6-4A52-8525-7124A3EF5177}.Release|Any CPU.ActiveCfg = Release|Any CPU
		{54EE4C8D-DEB6-4A52-8525-7124A3EF5177}.Release|Any CPU.Build.0 = Release|Any CPU
		{54EE4C8D-DEB6-4A52-8525-7124A3EF5177}.Release|Mixed Platforms.ActiveCfg = Release|Any CPU
		{54EE4C8D-DEB6-4A52-8525-7124A3EF5177}.Release|Mixed Platforms.Build.0 = Release|Any CPU
		{54EE4C8D-DEB6-4A52-8525-7124A3EF5177}.Release|x64.ActiveCfg = Release|Any CPU
		{54EE4C8D-DEB6-4A52-8525-7124A3EF5177}.Release|x86.ActiveCfg = Release|Any CPU
	EndGlobalSection
	GlobalSection(SolutionProperties) = preSolution
		HideSolutionNode = FALSE
	EndGlobalSection
EndGlobal
